// !$*UTF8*$!
{
	archiveVersion = 1;
	classes = {
	};
	objectVersion = 55;
	objects = {

/* Begin PBXBuildFile section */
		4727D8F327B601F100809D1E /* UI_459App.swift in Sources */ = {isa = PBXBuildFile; fileRef = 4727D8F227B601F100809D1E /* UI_459App.swift */; };
		4727D8F527B601F100809D1E /* ContentView.swift in Sources */ = {isa = PBXBuildFile; fileRef = 4727D8F427B601F100809D1E /* ContentView.swift */; };
		4727D8F727B601F200809D1E /* Assets.xcassets in Resources */ = {isa = PBXBuildFile; fileRef = 4727D8F627B601F200809D1E /* Assets.xcassets */; };
		4727D8FA27B601F200809D1E /* Preview Assets.xcassets in Resources */ = {isa = PBXBuildFile; fileRef = 4727D8F927B601F200809D1E /* Preview Assets.xcassets */; };
		4727D90427B601F200809D1E /* UI_459Tests.swift in Sources */ = {isa = PBXBuildFile; fileRef = 4727D90327B601F200809D1E /* UI_459Tests.swift */; };
		4727D90E27B601F200809D1E /* UI_459UITests.swift in Sources */ = {isa = PBXBuildFile; fileRef = 4727D90D27B601F200809D1E /* UI_459UITests.swift */; };
		4727D91027B601F200809D1E /* UI_459UITestsLaunchTests.swift in Sources */ = {isa = PBXBuildFile; fileRef = 4727D90F27B601F200809D1E /* UI_459UITestsLaunchTests.swift */; };
		4727D92027B6021700809D1E /* OffsetPageTabView.swift in Sources */ = {isa = PBXBuildFile; fileRef = 4727D91E27B6021700809D1E /* OffsetPageTabView.swift */; };
		4727D92327B6021F00809D1E /* BoadingScreen.swift in Sources */ = {isa = PBXBuildFile; fileRef = 4727D92227B6021F00809D1E /* BoadingScreen.swift */; };
		4727D92627B6026800809D1E /* Extencions.swift in Sources */ = {isa = PBXBuildFile; fileRef = 4727D92527B6026800809D1E /* Extencions.swift */; };
		4727D92827B6027000809D1E /* onBoard.swift in Sources */ = {isa = PBXBuildFile; fileRef = 4727D92727B6027000809D1E /* onBoard.swift */; };
/* End PBXBuildFile section */

/* Begin PBXContainerItemProxy section */
		4727D90027B601F200809D1E /* PBXContainerItemProxy */ = {
			isa = PBXContainerItemProxy;
			containerPortal = 4727D8E727B601F100809D1E /* Project object */;
			proxyType = 1;
			remoteGlobalIDString = 4727D8EE27B601F100809D1E;
			remoteInfo = "UI-459";
		};
		4727D90A27B601F200809D1E /* PBXContainerItemProxy */ = {
			isa = PBXContainerItemProxy;
			containerPortal = 4727D8E727B601F100809D1E /* Project object */;
			proxyType = 1;
			remoteGlobalIDString = 4727D8EE27B601F100809D1E;
			remoteInfo = "UI-459";
		};
/* End PBXContainerItemProxy section */

/* Begin PBXFileReference section */
		4727D8EF27B601F100809D1E /* UI-459.app */ = {isa = PBXFileReference; explicitFileType = wrapper.application; includeInIndex = 0; path = "UI-459.app"; sourceTree = BUILT_PRODUCTS_DIR; };
		4727D8F227B601F100809D1E /* UI_459App.swift */ = {isa = PBXFileReference; lastKnownFileType = sourcecode.swift; path = UI_459App.swift; sourceTree = "<group>"; };
		4727D8F427B601F100809D1E /* ContentView.swift */ = {isa = PBXFileReference; lastKnownFileType = sourcecode.swift; path = ContentView.swift; sourceTree = "<group>"; };
		4727D8F627B601F200809D1E /* Assets.xcassets */ = {isa = PBXFileReference; lastKnownFileType = folder.assetcatalog; path = Assets.xcassets; sourceTree = "<group>"; };
		4727D8F927B601F200809D1E /* Preview Assets.xcassets */ = {isa = PBXFileReference; lastKnownFileType = folder.assetcatalog; path = "Preview Assets.xcassets"; sourceTree = "<group>"; };
		4727D8FF27B601F200809D1E /* UI-459Tests.xctest */ = {isa = PBXFileReference; explicitFileType = wrapper.cfbundle; includeInIndex = 0; path = "UI-459Tests.xctest"; sourceTree = BUILT_PRODUCTS_DIR; };
		4727D90327B601F200809D1E /* UI_459Tests.swift */ = {isa = PBXFileReference; lastKnownFileType = sourcecode.swift; path = UI_459Tests.swift; sourceTree = "<group>"; };
		4727D90927B601F200809D1E /* UI-459UITests.xctest */ = {isa = PBXFileReference; explicitFileType = wrapper.cfbundle; includeInIndex = 0; path = "UI-459UITests.xctest"; sourceTree = BUILT_PRODUCTS_DIR; };
		4727D90D27B601F200809D1E /* UI_459UITests.swift */ = {isa = PBXFileReference; lastKnownFileType = sourcecode.swift; path = UI_459UITests.swift; sourceTree = "<group>"; };
		4727D90F27B601F200809D1E /* UI_459UITestsLaunchTests.swift */ = {isa = PBXFileReference; lastKnownFileType = sourcecode.swift; path = UI_459UITestsLaunchTests.swift; sourceTree = "<group>"; };
		4727D91E27B6021700809D1E /* OffsetPageTabView.swift */ = {isa = PBXFileReference; fileEncoding = 4; lastKnownFileType = sourcecode.swift; path = OffsetPageTabView.swift; sourceTree = "<group>"; };
		4727D92227B6021F00809D1E /* BoadingScreen.swift */ = {isa = PBXFileReference; fileEncoding = 4; lastKnownFileType = sourcecode.swift; path = BoadingScreen.swift; sourceTree = "<group>"; };
		4727D92527B6026800809D1E /* Extencions.swift */ = {isa = PBXFileReference; fileEncoding = 4; lastKnownFileType = sourcecode.swift; path = Extencions.swift; sourceTree = "<group>"; };
		4727D92727B6027000809D1E /* onBoard.swift */ = {isa = PBXFileReference; fileEncoding = 4; lastKnownFileType = sourcecode.swift; path = onBoard.swift; sourceTree = "<group>"; };
/* End PBXFileReference section */

/* Begin PBXFrameworksBuildPhase section */
		4727D8EC27B601F100809D1E /* Frameworks */ = {
			isa = PBXFrameworksBuildPhase;
			buildActionMask = 2147483647;
			files = (
			);
			runOnlyForDeploymentPostprocessing = 0;
		};
		4727D8FC27B601F200809D1E /* Frameworks */ = {
			isa = PBXFrameworksBuildPhase;
			buildActionMask = 2147483647;
			files = (
			);
			runOnlyForDeploymentPostprocessing = 0;
		};
		4727D90627B601F200809D1E /* Frameworks */ = {
			isa = PBXFrameworksBuildPhase;
			buildActionMask = 2147483647;
			files = (
			);
			runOnlyForDeploymentPostprocessing = 0;
		};
/* End PBXFrameworksBuildPhase section */

/* Begin PBXGroup section */
		4727D8E627B601F100809D1E = {
			isa = PBXGroup;
			children = (
				4727D8F127B601F100809D1E /* UI-459 */,
				4727D90227B601F200809D1E /* UI-459Tests */,
				4727D90C27B601F200809D1E /* UI-459UITests */,
				4727D8F027B601F100809D1E /* Products */,
			);
			sourceTree = "<group>";
		};
		4727D8F027B601F100809D1E /* Products */ = {
			isa = PBXGroup;
			children = (
				4727D8EF27B601F100809D1E /* UI-459.app */,
				4727D8FF27B601F200809D1E /* UI-459Tests.xctest */,
				4727D90927B601F200809D1E /* UI-459UITests.xctest */,
			);
			name = Products;
			sourceTree = "<group>";
		};
		4727D8F127B601F100809D1E /* UI-459 */ = {
			isa = PBXGroup;
			children = (
				4727D92427B6025F00809D1E /* Helpers */,
				4727D91D27B6020A00809D1E /* Model */,
				4727D91C27B6020600809D1E /* View */,
				4727D8F227B601F100809D1E /* UI_459App.swift */,
				4727D8F427B601F100809D1E /* ContentView.swift */,
				4727D8F627B601F200809D1E /* Assets.xcassets */,
				4727D8F827B601F200809D1E /* Preview Content */,
			);
			path = "UI-459";
			sourceTree = "<group>";
		};
		4727D8F827B601F200809D1E /* Preview Content */ = {
			isa = PBXGroup;
			children = (
				4727D8F927B601F200809D1E /* Preview Assets.xcassets */,
			);
			path = "Preview Content";
			sourceTree = "<group>";
		};
		4727D90227B601F200809D1E /* UI-459Tests */ = {
			isa = PBXGroup;
			children = (
				4727D90327B601F200809D1E /* UI_459Tests.swift */,
			);
			path = "UI-459Tests";
			sourceTree = "<group>";
		};
		4727D90C27B601F200809D1E /* UI-459UITests */ = {
			isa = PBXGroup;
			children = (
				4727D90D27B601F200809D1E /* UI_459UITests.swift */,
				4727D90F27B601F200809D1E /* UI_459UITestsLaunchTests.swift */,
			);
			path = "UI-459UITests";
			sourceTree = "<group>";
		};
		4727D91C27B6020600809D1E /* View */ = {
			isa = PBXGroup;
			children = (
				4727D92727B6027000809D1E /* onBoard.swift */,
				4727D91E27B6021700809D1E /* OffsetPageTabView.swift */,
			);
			path = View;
			sourceTree = "<group>";
		};
		4727D91D27B6020A00809D1E /* Model */ = {
			isa = PBXGroup;
			children = (
				4727D92227B6021F00809D1E /* BoadingScreen.swift */,
			);
			path = Model;
			sourceTree = "<group>";
		};
		4727D92427B6025F00809D1E /* Helpers */ = {
			isa = PBXGroup;
			children = (
				4727D92527B6026800809D1E /* Extencions.swift */,
			);
			path = Helpers;
			sourceTree = "<group>";
		};
/* End PBXGroup section */

/* Begin PBXNativeTarget section */
		4727D8EE27B601F100809D1E /* UI-459 */ = {
			isa = PBXNativeTarget;
			buildConfigurationList = 4727D91327B601F200809D1E /* Build configuration list for PBXNativeTarget "UI-459" */;
			buildPhases = (
				4727D8EB27B601F100809D1E /* Sources */,
				4727D8EC27B601F100809D1E /* Frameworks */,
				4727D8ED27B601F100809D1E /* Resources */,
			);
			buildRules = (
			);
			dependencies = (
			);
			name = "UI-459";
			productName = "UI-459";
			productReference = 4727D8EF27B601F100809D1E /* UI-459.app */;
			productType = "com.apple.product-type.application";
		};
		4727D8FE27B601F200809D1E /* UI-459Tests */ = {
			isa = PBXNativeTarget;
			buildConfigurationList = 4727D91627B601F200809D1E /* Build configuration list for PBXNativeTarget "UI-459Tests" */;
			buildPhases = (
				4727D8FB27B601F200809D1E /* Sources */,
				4727D8FC27B601F200809D1E /* Frameworks */,
				4727D8FD27B601F200809D1E /* Resources */,
			);
			buildRules = (
			);
			dependencies = (
				4727D90127B601F200809D1E /* PBXTargetDependency */,
			);
			name = "UI-459Tests";
			productName = "UI-459Tests";
			productReference = 4727D8FF27B601F200809D1E /* UI-459Tests.xctest */;
			productType = "com.apple.product-type.bundle.unit-test";
		};
		4727D90827B601F200809D1E /* UI-459UITests */ = {
			isa = PBXNativeTarget;
			buildConfigurationList = 4727D91927B601F200809D1E /* Build configuration list for PBXNativeTarget "UI-459UITests" */;
			buildPhases = (
				4727D90527B601F200809D1E /* Sources */,
				4727D90627B601F200809D1E /* Frameworks */,
				4727D90727B601F200809D1E /* Resources */,
			);
			buildRules = (
			);
			dependencies = (
				4727D90B27B601F200809D1E /* PBXTargetDependency */,
			);
			name = "UI-459UITests";
			productName = "UI-459UITests";
			productReference = 4727D90927B601F200809D1E /* UI-459UITests.xctest */;
			productType = "com.apple.product-type.bundle.ui-testing";
		};
/* End PBXNativeTarget section */

/* Begin PBXProject section */
		4727D8E727B601F100809D1E /* Project object */ = {
			isa = PBXProject;
			attributes = {
				BuildIndependentTargetsInParallel = 1;
				LastSwiftUpdateCheck = 1320;
				LastUpgradeCheck = 1320;
				TargetAttributes = {
					4727D8EE27B601F100809D1E = {
						CreatedOnToolsVersion = 13.2.1;
					};
					4727D8FE27B601F200809D1E = {
						CreatedOnToolsVersion = 13.2.1;
						TestTargetID = 4727D8EE27B601F100809D1E;
					};
					4727D90827B601F200809D1E = {
						CreatedOnToolsVersion = 13.2.1;
						TestTargetID = 4727D8EE27B601F100809D1E;
					};
				};
			};
			buildConfigurationList = 4727D8EA27B601F100809D1E /* Build configuration list for PBXProject "UI-459" */;
			compatibilityVersion = "Xcode 13.0";
			developmentRegion = en;
			hasScannedForEncodings = 0;
			knownRegions = (
				en,
				Base,
			);
			mainGroup = 4727D8E627B601F100809D1E;
			productRefGroup = 4727D8F027B601F100809D1E /* Products */;
			projectDirPath = "";
			projectRoot = "";
			targets = (
				4727D8EE27B601F100809D1E /* UI-459 */,
				4727D8FE27B601F200809D1E /* UI-459Tests */,
				4727D90827B601F200809D1E /* UI-459UITests */,
			);
		};
/* End PBXProject section */

/* Begin PBXResourcesBuildPhase section */
		4727D8ED27B601F100809D1E /* Resources */ = {
			isa = PBXResourcesBuildPhase;
			buildActionMask = 2147483647;
			files = (
				4727D8FA27B601F200809D1E /* Preview Assets.xcassets in Resources */,
				4727D8F727B601F200809D1E /* Assets.xcassets in Resources */,
			);
			runOnlyForDeploymentPostprocessing = 0;
		};
		4727D8FD27B601F200809D1E /* Resources */ = {
			isa = PBXResourcesBuildPhase;
			buildActionMask = 2147483647;
			files = (
			);
			runOnlyForDeploymentPostprocessing = 0;
		};
		4727D90727B601F200809D1E /* Resources */ = {
			isa = PBXResourcesBuildPhase;
			buildActionMask = 2147483647;
			files = (
			);
			runOnlyForDeploymentPostprocessing = 0;
		};
/* End PBXResourcesBuildPhase section */

/* Begin PBXSourcesBuildPhase section */
		4727D8EB27B601F100809D1E /* Sources */ = {
			isa = PBXSourcesBuildPhase;
			buildActionMask = 2147483647;
			files = (
				4727D92027B6021700809D1E /* OffsetPageTabView.swift in Sources */,
				4727D92327B6021F00809D1E /* BoadingScreen.swift in Sources */,
				4727D92627B6026800809D1E /* Extencions.swift in Sources */,
				4727D8F527B601F100809D1E /* ContentView.swift in Sources */,
				4727D8F327B601F100809D1E /* UI_459App.swift in Sources */,
				4727D92827B6027000809D1E /* onBoard.swift in Sources */,
			);
			runOnlyForDeploymentPostprocessing = 0;
		};
		4727D8FB27B601F200809D1E /* Sources */ = {
			isa = PBXSourcesBuildPhase;
			buildActionMask = 2147483647;
			files = (
				4727D90427B601F200809D1E /* UI_459Tests.swift in Sources */,
			);
			runOnlyForDeploymentPostprocessing = 0;
		};
		4727D90527B601F200809D1E /* Sources */ = {
			isa = PBXSourcesBuildPhase;
			buildActionMask = 2147483647;
			files = (
				4727D90E27B601F200809D1E /* UI_459UITests.swift in Sources */,
				4727D91027B601F200809D1E /* UI_459UITestsLaunchTests.swift in Sources */,
			);
			runOnlyForDeploymentPostprocessing = 0;
		};
/* End PBXSourcesBuildPhase section */

/* Begin PBXTargetDependency section */
		4727D90127B601F200809D1E /* PBXTargetDependency */ = {
			isa = PBXTargetDependency;
			target = 4727D8EE27B601F100809D1E /* UI-459 */;
			targetProxy = 4727D90027B601F200809D1E /* PBXContainerItemProxy */;
		};
		4727D90B27B601F200809D1E /* PBXTargetDependency */ = {
			isa = PBXTargetDependency;
			target = 4727D8EE27B601F100809D1E /* UI-459 */;
			targetProxy = 4727D90A27B601F200809D1E /* PBXContainerItemProxy */;
		};
/* End PBXTargetDependency section */

/* Begin XCBuildConfiguration section */
		4727D91127B601F200809D1E /* Debug */ = {
			isa = XCBuildConfiguration;
			buildSettings = {
				ALWAYS_SEARCH_USER_PATHS = NO;
				CLANG_ANALYZER_NONNULL = YES;
				CLANG_ANALYZER_NUMBER_OBJECT_CONVERSION = YES_AGGRESSIVE;
				CLANG_CXX_LANGUAGE_STANDARD = "gnu++17";
				CLANG_CXX_LIBRARY = "libc++";
				CLANG_ENABLE_MODULES = YES;
				CLANG_ENABLE_OBJC_ARC = YES;
				CLANG_ENABLE_OBJC_WEAK = YES;
				CLANG_WARN_BLOCK_CAPTURE_AUTORELEASING = YES;
				CLANG_WARN_BOOL_CONVERSION = YES;
				CLANG_WARN_COMMA = YES;
				CLANG_WARN_CONSTANT_CONVERSION = YES;
				CLANG_WARN_DEPRECATED_OBJC_IMPLEMENTATIONS = YES;
				CLANG_WARN_DIRECT_OBJC_ISA_USAGE = YES_ERROR;
				CLANG_WARN_DOCUMENTATION_COMMENTS = YES;
				CLANG_WARN_EMPTY_BODY = YES;
				CLANG_WARN_ENUM_CONVERSION = YES;
				CLANG_WARN_INFINITE_RECURSION = YES;
				CLANG_WARN_INT_CONVERSION = YES;
				CLANG_WARN_NON_LITERAL_NULL_CONVERSION = YES;
				CLANG_WARN_OBJC_IMPLICIT_RETAIN_SELF = YES;
				CLANG_WARN_OBJC_LITERAL_CONVERSION = YES;
				CLANG_WARN_OBJC_ROOT_CLASS = YES_ERROR;
				CLANG_WARN_QUOTED_INCLUDE_IN_FRAMEWORK_HEADER = YES;
				CLANG_WARN_RANGE_LOOP_ANALYSIS = YES;
				CLANG_WARN_STRICT_PROTOTYPES = YES;
				CLANG_WARN_SUSPICIOUS_MOVE = YES;
				CLANG_WARN_UNGUARDED_AVAILABILITY = YES_AGGRESSIVE;
				CLANG_WARN_UNREACHABLE_CODE = YES;
				CLANG_WARN__DUPLICATE_METHOD_MATCH = YES;
				COPY_PHASE_STRIP = NO;
				DEBUG_INFORMATION_FORMAT = dwarf;
				ENABLE_STRICT_OBJC_MSGSEND = YES;
				ENABLE_TESTABILITY = YES;
				GCC_C_LANGUAGE_STANDARD = gnu11;
				GCC_DYNAMIC_NO_PIC = NO;
				GCC_NO_COMMON_BLOCKS = YES;
				GCC_OPTIMIZATION_LEVEL = 0;
				GCC_PREPROCESSOR_DEFINITIONS = (
					"DEBUG=1",
					"$(inherited)",
				);
				GCC_WARN_64_TO_32_BIT_CONVERSION = YES;
				GCC_WARN_ABOUT_RETURN_TYPE = YES_ERROR;
				GCC_WARN_UNDECLARED_SELECTOR = YES;
				GCC_WARN_UNINITIALIZED_AUTOS = YES_AGGRESSIVE;
				GCC_WARN_UNUSED_FUNCTION = YES;
				GCC_WARN_UNUSED_VARIABLE = YES;
				IPHONEOS_DEPLOYMENT_TARGET = 15.2;
				MTL_ENABLE_DEBUG_INFO = INCLUDE_SOURCE;
				MTL_FAST_MATH = YES;
				ONLY_ACTIVE_ARCH = YES;
				SDKROOT = iphoneos;
				SWIFT_ACTIVE_COMPILATION_CONDITIONS = DEBUG;
				SWIFT_OPTIMIZATION_LEVEL = "-Onone";
			};
			name = Debug;
		};
		4727D91227B601F200809D1E /* Release */ = {
			isa = XCBuildConfiguration;
			buildSettings = {
				ALWAYS_SEARCH_USER_PATHS = NO;
				CLANG_ANALYZER_NONNULL = YES;
				CLANG_ANALYZER_NUMBER_OBJECT_CONVERSION = YES_AGGRESSIVE;
				CLANG_CXX_LANGUAGE_STANDARD = "gnu++17";
				CLANG_CXX_LIBRARY = "libc++";
				CLANG_ENABLE_MODULES = YES;
				CLANG_ENABLE_OBJC_ARC = YES;
				CLANG_ENABLE_OBJC_WEAK = YES;
				CLANG_WARN_BLOCK_CAPTURE_AUTORELEASING = YES;
				CLANG_WARN_BOOL_CONVERSION = YES;
				CLANG_WARN_COMMA = YES;
				CLANG_WARN_CONSTANT_CONVERSION = YES;
				CLANG_WARN_DEPRECATED_OBJC_IMPLEMENTATIONS = YES;
				CLANG_WARN_DIRECT_OBJC_ISA_USAGE = YES_ERROR;
				CLANG_WARN_DOCUMENTATION_COMMENTS = YES;
				CLANG_WARN_EMPTY_BODY = YES;
				CLANG_WARN_ENUM_CONVERSION = YES;
				CLANG_WARN_INFINITE_RECURSION = YES;
				CLANG_WARN_INT_CONVERSION = YES;
				CLANG_WARN_NON_LITERAL_NULL_CONVERSION = YES;
				CLANG_WARN_OBJC_IMPLICIT_RETAIN_SELF = YES;
				CLANG_WARN_OBJC_LITERAL_CONVERSION = YES;
				CLANG_WARN_OBJC_ROOT_CLASS = YES_ERROR;
				CLANG_WARN_QUOTED_INCLUDE_IN_FRAMEWORK_HEADER = YES;
				CLANG_WARN_RANGE_LOOP_ANALYSIS = YES;
				CLANG_WARN_STRICT_PROTOTYPES = YES;
				CLANG_WARN_SUSPICIOUS_MOVE = YES;
				CLANG_WARN_UNGUARDED_AVAILABILITY = YES_AGGRESSIVE;
				CLANG_WARN_UNREACHABLE_CODE = YES;
				CLANG_WARN__DUPLICATE_METHOD_MATCH = YES;
				COPY_PHASE_STRIP = NO;
				DEBUG_INFORMATION_FORMAT = "dwarf-with-dsym";
				ENABLE_NS_ASSERTIONS = NO;
				ENABLE_STRICT_OBJC_MSGSEND = YES;
				GCC_C_LANGUAGE_STANDARD = gnu11;
				GCC_NO_COMMON_BLOCKS = YES;
				GCC_WARN_64_TO_32_BIT_CONVERSION = YES;
				GCC_WARN_ABOUT_RETURN_TYPE = YES_ERROR;
				GCC_WARN_UNDECLARED_SELECTOR = YES;
				GCC_WARN_UNINITIALIZED_AUTOS = YES_AGGRESSIVE;
				GCC_WARN_UNUSED_FUNCTION = YES;
				GCC_WARN_UNUSED_VARIABLE = YES;
				IPHONEOS_DEPLOYMENT_TARGET = 15.2;
				MTL_ENABLE_DEBUG_INFO = NO;
				MTL_FAST_MATH = YES;
				SDKROOT = iphoneos;
				SWIFT_COMPILATION_MODE = wholemodule;
				SWIFT_OPTIMIZATION_LEVEL = "-O";
				VALIDATE_PRODUCT = YES;
			};
			name = Release;
		};
		4727D91427B601F200809D1E /* Debug */ = {
			isa = XCBuildConfiguration;
			buildSettings = {
				ASSETCATALOG_COMPILER_APPICON_NAME = AppIcon;
				ASSETCATALOG_COMPILER_GLOBAL_ACCENT_COLOR_NAME = AccentColor;
				CODE_SIGN_STYLE = Automatic;
				CURRENT_PROJECT_VERSION = 1;
				DEVELOPMENT_ASSET_PATHS = "\"UI-459/Preview Content\"";
				DEVELOPMENT_TEAM = 8CL4U468K5;
				ENABLE_PREVIEWS = YES;
				GENERATE_INFOPLIST_FILE = YES;
				INFOPLIST_KEY_UIApplicationSceneManifest_Generation = YES;
				INFOPLIST_KEY_UIApplicationSupportsIndirectInputEvents = YES;
				INFOPLIST_KEY_UILaunchScreen_Generation = YES;
				INFOPLIST_KEY_UISupportedInterfaceOrientations_iPad = "UIInterfaceOrientationPortrait UIInterfaceOrientationPortraitUpsideDown UIInterfaceOrientationLandscapeLeft UIInterfaceOrientationLandscapeRight";
				INFOPLIST_KEY_UISupportedInterfaceOrientations_iPhone = "UIInterfaceOrientationPortrait UIInterfaceOrientationLandscapeLeft UIInterfaceOrientationLandscapeRight";
				LD_RUNPATH_SEARCH_PATHS = (
					"$(inherited)",
					"@executable_path/Frameworks",
				);
				MARKETING_VERSION = 1.0;
				PRODUCT_BUNDLE_IDENTIFIER = "com.585.UI-459";
				PRODUCT_NAME = "$(TARGET_NAME)";
				SWIFT_EMIT_LOC_STRINGS = YES;
				SWIFT_VERSION = 5.0;
				TARGETED_DEVICE_FAMILY = "1,2";
			};
			name = Debug;
		};
		4727D91527B601F200809D1E /* Release */ = {
			isa = XCBuildConfiguration;
			buildSettings = {
				ASSETCATALOG_COMPILER_APPICON_NAME = AppIcon;
				ASSETCATALOG_COMPILER_GLOBAL_ACCENT_COLOR_NAME = AccentColor;
				CODE_SIGN_STYLE = Automatic;
				CURRENT_PROJECT_VERSION = 1;
				DEVELOPMENT_ASSET_PATHS = "\"UI-459/Preview Content\"";
				DEVELOPMENT_TEAM = 8CL4U468K5;
				ENABLE_PREVIEWS = YES;
				GENERATE_INFOPLIST_FILE = YES;
				INFOPLIST_KEY_UIApplicationSceneManifest_Generation = YES;
				INFOPLIST_KEY_UIApplicationSupportsIndirectInputEvents = YES;
				INFOPLIST_KEY_UILaunchScreen_Generation = YES;
				INFOPLIST_KEY_UISupportedInterfaceOrientations_iPad = "UIInterfaceOrientationPortrait UIInterfaceOrientationPortraitUpsideDown UIInterfaceOrientationLandscapeLeft UIInterfaceOrientationLandscapeRight";
				INFOPLIST_KEY_UISupportedInterfaceOrientations_iPhone = "UIInterfaceOrientationPortrait UIInterfaceOrientationLandscapeLeft UIInterfaceOrientationLandscapeRight";
				LD_RUNPATH_SEARCH_PATHS = (
					"$(inherited)",
					"@executable_path/Frameworks",
				);
				MARKETING_VERSION = 1.0;
				PRODUCT_BUNDLE_IDENTIFIER = "com.585.UI-459";
				PRODUCT_NAME = "$(TARGET_NAME)";
				SWIFT_EMIT_LOC_STRINGS = YES;
				SWIFT_VERSION = 5.0;
				TARGETED_DEVICE_FAMILY = "1,2";
			};
			name = Release;
		};
		4727D91727B601F200809D1E /* Debug */ = {
			isa = XCBuildConfiguration;
			buildSettings = {
				ALWAYS_EMBED_SWIFT_STANDARD_LIBRARIES = YES;
				BUNDLE_LOADER = "$(TEST_HOST)";
				CODE_SIGN_STYLE = Automatic;
				CURRENT_PROJECT_VERSION = 1;
				DEVELOPMENT_TEAM = 8CL4U468K5;
				GENERATE_INFOPLIST_FILE = YES;
				IPHONEOS_DEPLOYMENT_TARGET = 15.2;
				MARKETING_VERSION = 1.0;
				PRODUCT_BUNDLE_IDENTIFIER = "com.585.UI-459Tests";
				PRODUCT_NAME = "$(TARGET_NAME)";
				SWIFT_EMIT_LOC_STRINGS = NO;
				SWIFT_VERSION = 5.0;
				TARGETED_DEVICE_FAMILY = "1,2";
				TEST_HOST = "$(BUILT_PRODUCTS_DIR)/UI-459.app/UI-459";
			};
			name = Debug;
		};
		4727D91827B601F200809D1E /* Release */ = {
			isa = XCBuildConfiguration;
			buildSettings = {
				ALWAYS_EMBED_SWIFT_STANDARD_LIBRARIES = YES;
				BUNDLE_LOADER = "$(TEST_HOST)";
				CODE_SIGN_STYLE = Automatic;
				CURRENT_PROJECT_VERSION = 1;
				DEVELOPMENT_TEAM = 8CL4U468K5;
				GENERATE_INFOPLIST_FILE = YES;
				IPHONEOS_DEPLOYMENT_TARGET = 15.2;
				MARKETING_VERSION = 1.0;
				PRODUCT_BUNDLE_IDENTIFIER = "com.585.UI-459Tests";
				PRODUCT_NAME = "$(TARGET_NAME)";
				SWIFT_EMIT_LOC_STRINGS = NO;
				SWIFT_VERSION = 5.0;
				TARGETED_DEVICE_FAMILY = "1,2";
				TEST_HOST = "$(BUILT_PRODUCTS_DIR)/UI-459.app/UI-459";
			};
			name = Release;
		};
		4727D91A27B601F200809D1E /* Debug */ = {
			isa = XCBuildConfiguration;
			buildSettings = {
				ALWAYS_EMBED_SWIFT_STANDARD_LIBRARIES = YES;
				CODE_SIGN_STYLE = Automatic;
				CURRENT_PROJECT_VERSION = 1;
				DEVELOPMENT_TEAM = 8CL4U468K5;
				GENERATE_INFOPLIST_FILE = YES;
				MARKETING_VERSION = 1.0;
				PRODUCT_BUNDLE_IDENTIFIER = "com.585.UI-459UITests";
				PRODUCT_NAME = "$(TARGET_NAME)";
				SWIFT_EMIT_LOC_STRINGS = NO;
				SWIFT_VERSION = 5.0;
				TARGETED_DEVICE_FAMILY = "1,2";
				TEST_TARGET_NAME = "UI-459";
			};
			name = Debug;
		};
		4727D91B27B601F200809D1E /* Release */ = {
			isa = XCBuildConfiguration;
			buildSettings = {
				ALWAYS_EMBED_SWIFT_STANDARD_LIBRARIES = YES;
				CODE_SIGN_STYLE = Automatic;
				CURRENT_PROJECT_VERSION = 1;
				DEVELOPMENT_TEAM = 8CL4U468K5;
				GENERATE_INFOPLIST_FILE = YES;
				MARKETING_VERSION = 1.0;
				PRODUCT_BUNDLE_IDENTIFIER = "com.585.UI-459UITests";
				PRODUCT_NAME = "$(TARGET_NAME)";
				SWIFT_EMIT_LOC_STRINGS = NO;
				SWIFT_VERSION = 5.0;
				TARGETED_DEVICE_FAMILY = "1,2";
				TEST_TARGET_NAME = "UI-459";
			};
			name = Release;
		};
/* End XCBuildConfiguration section */

/* Begin XCConfigurationList section */
		4727D8EA27B601F100809D1E /* Build configuration list for PBXProject "UI-459" */ = {
			isa = XCConfigurationList;
			buildConfigurations = (
				4727D91127B601F200809D1E /* Debug */,
				4727D91227B601F200809D1E /* Release */,
			);
			defaultConfigurationIsVisible = 0;
			defaultConfigurationName = Release;
		};
		4727D91327B601F200809D1E /* Build configuration list for PBXNativeTarget "UI-459" */ = {
			isa = XCConfigurationList;
			buildConfigurations = (
				4727D91427B601F200809D1E /* Debug */,
				4727D91527B601F200809D1E /* Release */,
			);
			defaultConfigurationIsVisible = 0;
			defaultConfigurationName = Release;
		};
		4727D91627B601F200809D1E /* Build configuration list for PBXNativeTarget "UI-459Tests" */ = {
			isa = XCConfigurationList;
			buildConfigurations = (
				4727D91727B601F200809D1E /* Debug */,
				4727D91827B601F200809D1E /* Release */,
			);
			defaultConfigurationIsVisible = 0;
			defaultConfigurationName = Release;
		};
		4727D91927B601F200809D1E /* Build configuration list for PBXNativeTarget "UI-459UITests" */ = {
			isa = XCConfigurationList;
			buildConfigurations = (
				4727D91A27B601F200809D1E /* Debug */,
				4727D91B27B601F200809D1E /* Release */,
			);
			defaultConfigurationIsVisible = 0;
			defaultConfigurationName = Release;
		};
/* End XCConfigurationList section */
	};
	rootObject = 4727D8E727B601F100809D1E /* Project object */;
}
